
Microsoft Visual Studio Solution File, Format Version 12.00
# Visual Studio Version 17
VisualStudioVersion = 17.11.35219.272
MinimumVisualStudioVersion = 10.0.40219.1
Project("{FAE04EC0-301F-11D3-BF4B-00C04F79EFBC}") = "Game_ban_may_bay", "Game_ban_may_bay.csproj", "{C7DB2EE8-9760-4FA5-88F5-24121D1A2985}"
EndProject
Global
	GlobalSection(SolutionConfigurationPlatforms) = preSolution
		Debug|Any CPU = Debug|Any CPU
		Release|Any CPU = Release|Any CPU
	EndGlobalSection
	GlobalSection(ProjectConfigurationPlatforms) = postSolution
		{C7DB2EE8-9760-4FA5-88F5-24121D1A2985}.Debug|Any CPU.ActiveCfg = Debug|Any CPU
		{C7DB2EE8-9760-4FA5-88F5-24121D1A2985}.Debug|Any CPU.Build.0 = Debug|Any CPU
		{C7DB2EE8-9760-4FA5-88F5-24121D1A2985}.Release|Any CPU.ActiveCfg = Release|Any CPU
		{C7DB2EE8-9760-4FA5-88F5-24121D1A2985}.Release|Any CPU.Build.0 = Release|Any CPU
	EndGlobalSection
	GlobalSection(SolutionProperties) = preSolution
		HideSolutionNode = FALSE
	EndGlobalSection
	GlobalSection(ExtensibilityGlobals) = postSolution
		SolutionGuid = {C97963A0-A9F8-4DE4-A584-4425DD2FA4F2}
	EndGlobalSection
EndGlobal
